{
  "requires": true,
  "lockfileVersion": 1,
  "dependencies": {
    "react-date-object": {
      "version": "2.1.5",
      "resolved": "https://registry.npmjs.org/react-date-object/-/react-date-object-2.1.5.tgz",
      "integrity": "sha512-iAtF2nz+jZjy3w36qKx2MsxXqbiL7UgGljz9jPjLWxWCl4rDTZUMS/i7hKKiVbL1lJlmubz1Xu6W3i6CW06kTg=="
    },
    "react-element-popper": {
      "version": "2.1.6",
      "resolved": "https://registry.npmjs.org/react-element-popper/-/react-element-popper-2.1.6.tgz",
      "integrity": "sha512-8va7mUmrKIkUnaM2t5Dyctd8cjgVgVcrv5vVD0FRay0sN6EPBCKa0bDi1/KmVDAjfgSIn7zQnjtc4VojcGrkgQ=="
    },
    "react-multi-date-picker": {
      "version": "3.1.7",
      "resolved": "https://registry.npmjs.org/react-multi-date-picker/-/react-multi-date-picker-3.1.7.tgz",
      "integrity": "sha512-G6w5Ibi9pWCBp/kZWziFiZdkq/2HXLT7GD23lzORMD0rm1av0i3zP2pUTUA4TF7lP3heVcNBD9B3YWmbo5yxrA==",
      "requires": {
        "react-date-object": "^2.1.5",
        "react-element-popper": "^2.1.6"
      }
    }
  }
}
